// !$*UTF8*$!
{
	archiveVersion = 1;
	classes = {
	};
	objectVersion = 50;
	objects = {

/* Begin PBXBuildFile section */
		717F302620E0C0CB00746F6A /* AppDelegate.m in Sources */ = {isa = PBXBuildFile; fileRef = 717F302520E0C0CB00746F6A /* AppDelegate.m */; };
		717F302920E0C0CB00746F6A /* ViewController.m in Sources */ = {isa = PBXBuildFile; fileRef = 717F302820E0C0CB00746F6A /* ViewController.m */; };
		717F302C20E0C0CB00746F6A /* Main.storyboard in Resources */ = {isa = PBXBuildFile; fileRef = 717F302A20E0C0CB00746F6A /* Main.storyboard */; };
		717F302E20E0C0CC00746F6A /* Assets.xcassets in Resources */ = {isa = PBXBuildFile; fileRef = 717F302D20E0C0CC00746F6A /* Assets.xcassets */; };
		717F303120E0C0CC00746F6A /* LaunchScreen.storyboard in Resources */ = {isa = PBXBuildFile; fileRef = 717F302F20E0C0CC00746F6A /* LaunchScreen.storyboard */; };
		717F303420E0C0CC00746F6A /* main.m in Sources */ = {isa = PBXBuildFile; fileRef = 717F303320E0C0CC00746F6A /* main.m */; };
		717F303E20E0C0CC00746F6A /* CZNCustomShapeViewDemoTests.m in Sources */ = {isa = PBXBuildFile; fileRef = 717F303D20E0C0CC00746F6A /* CZNCustomShapeViewDemoTests.m */; };
		717F304920E0C0CC00746F6A /* CZNCustomShapeViewDemoUITests.m in Sources */ = {isa = PBXBuildFile; fileRef = 717F304820E0C0CC00746F6A /* CZNCustomShapeViewDemoUITests.m */; };
		717F305920E0C0EF00746F6A /* CZNCustomShapeView.m in Sources */ = {isa = PBXBuildFile; fileRef = 717F305720E0C0EE00746F6A /* CZNCustomShapeView.m */; };
/* End PBXBuildFile section */

/* Begin PBXContainerItemProxy section */
		717F303A20E0C0CC00746F6A /* PBXContainerItemProxy */ = {
			isa = PBXContainerItemProxy;
			containerPortal = 717F301920E0C0CB00746F6A /* Project object */;
			proxyType = 1;
			remoteGlobalIDString = 717F302020E0C0CB00746F6A;
			remoteInfo = CZNCustomShapeViewDemo;
		};
		717F304520E0C0CC00746F6A /* PBXContainerItemProxy */ = {
			isa = PBXContainerItemProxy;
			containerPortal = 717F301920E0C0CB00746F6A /* Project object */;
			proxyType = 1;
			remoteGlobalIDString = 717F302020E0C0CB00746F6A;
			remoteInfo = CZNCustomShapeViewDemo;
		};
/* End PBXContainerItemProxy section */

/* Begin PBXFileReference section */
		717F302120E0C0CB00746F6A /* CZNCustomShapeViewDemo.app */ = {isa = PBXFileReference; explicitFileType = wrapper.application; includeInIndex = 0; path = CZNCustomShapeViewDemo.app; sourceTree = BUILT_PRODUCTS_DIR; };
		717F302420E0C0CB00746F6A /* AppDelegate.h */ = {isa = PBXFileReference; lastKnownFileType = sourcecode.c.h; path = AppDelegate.h; sourceTree = "<group>"; };
		717F302520E0C0CB00746F6A /* AppDelegate.m */ = {isa = PBXFileReference; lastKnownFileType = sourcecode.c.objc; path = AppDelegate.m; sourceTree = "<group>"; };
		717F302720E0C0CB00746F6A /* ViewController.h */ = {isa = PBXFileReference; lastKnownFileType = sourcecode.c.h; path = ViewController.h; sourceTree = "<group>"; };
		717F302820E0C0CB00746F6A /* ViewController.m */ = {isa = PBXFileReference; lastKnownFileType = sourcecode.c.objc; path = ViewController.m; sourceTree = "<group>"; };
		717F302B20E0C0CB00746F6A /* Base */ = {isa = PBXFileReference; lastKnownFileType = file.storyboard; name = Base; path = Base.lproj/Main.storyboard; sourceTree = "<group>"; };
		717F302D20E0C0CC00746F6A /* Assets.xcassets */ = {isa = PBXFileReference; lastKnownFileType = folder.assetcatalog; path = Assets.xcassets; sourceTree = "<group>"; };
		717F303020E0C0CC00746F6A /* Base */ = {isa = PBXFileReference; lastKnownFileType = file.storyboard; name = Base; path = Base.lproj/LaunchScreen.storyboard; sourceTree = "<group>"; };
		717F303220E0C0CC00746F6A /* Info.plist */ = {isa = PBXFileReference; lastKnownFileType = text.plist.xml; path = Info.plist; sourceTree = "<group>"; };
		717F303320E0C0CC00746F6A /* main.m */ = {isa = PBXFileReference; lastKnownFileType = sourcecode.c.objc; path = main.m; sourceTree = "<group>"; };
		717F303920E0C0CC00746F6A /* CZNCustomShapeViewDemoTests.xctest */ = {isa = PBXFileReference; explicitFileType = wrapper.cfbundle; includeInIndex = 0; path = CZNCustomShapeViewDemoTests.xctest; sourceTree = BUILT_PRODUCTS_DIR; };
		717F303D20E0C0CC00746F6A /* CZNCustomShapeViewDemoTests.m */ = {isa = PBXFileReference; lastKnownFileType = sourcecode.c.objc; path = CZNCustomShapeViewDemoTests.m; sourceTree = "<group>"; };
		717F303F20E0C0CC00746F6A /* Info.plist */ = {isa = PBXFileReference; lastKnownFileType = text.plist.xml; path = Info.plist; sourceTree = "<group>"; };
		717F304420E0C0CC00746F6A /* CZNCustomShapeViewDemoUITests.xctest */ = {isa = PBXFileReference; explicitFileType = wrapper.cfbundle; includeInIndex = 0; path = CZNCustomShapeViewDemoUITests.xctest; sourceTree = BUILT_PRODUCTS_DIR; };
		717F304820E0C0CC00746F6A /* CZNCustomShapeViewDemoUITests.m */ = {isa = PBXFileReference; lastKnownFileType = sourcecode.c.objc; path = CZNCustomShapeViewDemoUITests.m; sourceTree = "<group>"; };
		717F304A20E0C0CC00746F6A /* Info.plist */ = {isa = PBXFileReference; lastKnownFileType = text.plist.xml; path = Info.plist; sourceTree = "<group>"; };
		717F305720E0C0EE00746F6A /* CZNCustomShapeView.m */ = {isa = PBXFileReference; fileEncoding = 4; lastKnownFileType = sourcecode.c.objc; path = CZNCustomShapeView.m; sourceTree = "<group>"; };
		717F305820E0C0EE00746F6A /* CZNCustomShapeView.h */ = {isa = PBXFileReference; fileEncoding = 4; lastKnownFileType = sourcecode.c.h; path = CZNCustomShapeView.h; sourceTree = "<group>"; };
/* End PBXFileReference section */

/* Begin PBXFrameworksBuildPhase section */
		717F301E20E0C0CB00746F6A /* Frameworks */ = {
			isa = PBXFrameworksBuildPhase;
			buildActionMask = 2147483647;
			files = (
			);
			runOnlyForDeploymentPostprocessing = 0;
		};
		717F303620E0C0CC00746F6A /* Frameworks */ = {
			isa = PBXFrameworksBuildPhase;
			buildActionMask = 2147483647;
			files = (
			);
			runOnlyForDeploymentPostprocessing = 0;
		};
		717F304120E0C0CC00746F6A /* Frameworks */ = {
			isa = PBXFrameworksBuildPhase;
			buildActionMask = 2147483647;
			files = (
			);
			runOnlyForDeploymentPostprocessing = 0;
		};
/* End PBXFrameworksBuildPhase section */

/* Begin PBXGroup section */
		717F301820E0C0CB00746F6A = {
			isa = PBXGroup;
			children = (
				717F302320E0C0CB00746F6A /* CZNCustomShapeViewDemo */,
				717F303C20E0C0CC00746F6A /* CZNCustomShapeViewDemoTests */,
				717F304720E0C0CC00746F6A /* CZNCustomShapeViewDemoUITests */,
				717F302220E0C0CB00746F6A /* Products */,
			);
			sourceTree = "<group>";
		};
		717F302220E0C0CB00746F6A /* Products */ = {
			isa = PBXGroup;
			children = (
				717F302120E0C0CB00746F6A /* CZNCustomShapeViewDemo.app */,
				717F303920E0C0CC00746F6A /* CZNCustomShapeViewDemoTests.xctest */,
				717F304420E0C0CC00746F6A /* CZNCustomShapeViewDemoUITests.xctest */,
			);
			name = Products;
			sourceTree = "<group>";
		};
		717F302320E0C0CB00746F6A /* CZNCustomShapeViewDemo */ = {
			isa = PBXGroup;
			children = (
				717F305620E0C0EE00746F6A /* CustomShapeView */,
				717F302420E0C0CB00746F6A /* AppDelegate.h */,
				717F302520E0C0CB00746F6A /* AppDelegate.m */,
				717F302720E0C0CB00746F6A /* ViewController.h */,
				717F302820E0C0CB00746F6A /* ViewController.m */,
				717F302A20E0C0CB00746F6A /* Main.storyboard */,
				717F302D20E0C0CC00746F6A /* Assets.xcassets */,
				717F302F20E0C0CC00746F6A /* LaunchScreen.storyboard */,
				717F303220E0C0CC00746F6A /* Info.plist */,
				717F303320E0C0CC00746F6A /* main.m */,
			);
			path = CZNCustomShapeViewDemo;
			sourceTree = "<group>";
		};
		717F303C20E0C0CC00746F6A /* CZNCustomShapeViewDemoTests */ = {
			isa = PBXGroup;
			children = (
				717F303D20E0C0CC00746F6A /* CZNCustomShapeViewDemoTests.m */,
				717F303F20E0C0CC00746F6A /* Info.plist */,
			);
			path = CZNCustomShapeViewDemoTests;
			sourceTree = "<group>";
		};
		717F304720E0C0CC00746F6A /* CZNCustomShapeViewDemoUITests */ = {
			isa = PBXGroup;
			children = (
				717F304820E0C0CC00746F6A /* CZNCustomShapeViewDemoUITests.m */,
				717F304A20E0C0CC00746F6A /* Info.plist */,
			);
			path = CZNCustomShapeViewDemoUITests;
			sourceTree = "<group>";
		};
		717F305620E0C0EE00746F6A /* CustomShapeView */ = {
			isa = PBXGroup;
			children = (
				717F305720E0C0EE00746F6A /* CZNCustomShapeView.m */,
				717F305820E0C0EE00746F6A /* CZNCustomShapeView.h */,
			);
			path = CustomShapeView;
			sourceTree = "<group>";
		};
/* End PBXGroup section */

/* Begin PBXNativeTarget section */
		717F302020E0C0CB00746F6A /* CZNCustomShapeViewDemo */ = {
			isa = PBXNativeTarget;
			buildConfigurationList = 717F304D20E0C0CC00746F6A /* Build configuration list for PBXNativeTarget "CZNCustomShapeViewDemo" */;
			buildPhases = (
				717F301D20E0C0CB00746F6A /* Sources */,
				717F301E20E0C0CB00746F6A /* Frameworks */,
				717F301F20E0C0CB00746F6A /* Resources */,
			);
			buildRules = (
			);
			dependencies = (
			);
			name = CZNCustomShapeViewDemo;
			productName = CZNCustomShapeViewDemo;
			productReference = 717F302120E0C0CB00746F6A /* CZNCustomShapeViewDemo.app */;
			productType = "com.apple.product-type.application";
		};
		717F303820E0C0CC00746F6A /* CZNCustomShapeViewDemoTests */ = {
			isa = PBXNativeTarget;
			buildConfigurationList = 717F305020E0C0CC00746F6A /* Build configuration list for PBXNativeTarget "CZNCustomShapeViewDemoTests" */;
			buildPhases = (
				717F303520E0C0CC00746F6A /* Sources */,
				717F303620E0C0CC00746F6A /* Frameworks */,
				717F303720E0C0CC00746F6A /* Resources */,
			);
			buildRules = (
			);
			dependencies = (
				717F303B20E0C0CC00746F6A /* PBXTargetDependency */,
			);
			name = CZNCustomShapeViewDemoTests;
			productName = CZNCustomShapeViewDemoTests;
			productReference = 717F303920E0C0CC00746F6A /* CZNCustomShapeViewDemoTests.xctest */;
			productType = "com.apple.product-type.bundle.unit-test";
		};
		717F304320E0C0CC00746F6A /* CZNCustomShapeViewDemoUITests */ = {
			isa = PBXNativeTarget;
			buildConfigurationList = 717F305320E0C0CC00746F6A /* Build configuration list for PBXNativeTarget "CZNCustomShapeViewDemoUITests" */;
			buildPhases = (
				717F304020E0C0CC00746F6A /* Sources */,
				717F304120E0C0CC00746F6A /* Frameworks */,
				717F304220E0C0CC00746F6A /* Resources */,
			);
			buildRules = (
			);
			dependencies = (
				717F304620E0C0CC00746F6A /* PBXTargetDependency */,
			);
			name = CZNCustomShapeViewDemoUITests;
			productName = CZNCustomShapeViewDemoUITests;
			productReference = 717F304420E0C0CC00746F6A /* CZNCustomShapeViewDemoUITests.xctest */;
			productType = "com.apple.product-type.bundle.ui-testing";
		};
/* End PBXNativeTarget section */

/* Begin PBXProject section */
		717F301920E0C0CB00746F6A /* Project object */ = {
			isa = PBXProject;
			attributes = {
				LastUpgradeCheck = 0940;
				ORGANIZATIONNAME = CZN;
				TargetAttributes = {
					717F302020E0C0CB00746F6A = {
						CreatedOnToolsVersion = 9.4;
					};
					717F303820E0C0CC00746F6A = {
						CreatedOnToolsVersion = 9.4;
						TestTargetID = 717F302020E0C0CB00746F6A;
					};
					717F304320E0C0CC00746F6A = {
						CreatedOnToolsVersion = 9.4;
						TestTargetID = 717F302020E0C0CB00746F6A;
					};
				};
			};
			buildConfigurationList = 717F301C20E0C0CB00746F6A /* Build configuration list for PBXProject "CZNCustomShapeViewDemo" */;
			compatibilityVersion = "Xcode 9.3";
			developmentRegion = en;
			hasScannedForEncodings = 0;
			knownRegions = (
				en,
				Base,
			);
			mainGroup = 717F301820E0C0CB00746F6A;
			productRefGroup = 717F302220E0C0CB00746F6A /* Products */;
			projectDirPath = "";
			projectRoot = "";
			targets = (
				717F302020E0C0CB00746F6A /* CZNCustomShapeViewDemo */,
				717F303820E0C0CC00746F6A /* CZNCustomShapeViewDemoTests */,
				717F304320E0C0CC00746F6A /* CZNCustomShapeViewDemoUITests */,
			);
		};
/* End PBXProject section */

/* Begin PBXResourcesBuildPhase section */
		717F301F20E0C0CB00746F6A /* Resources */ = {
			isa = PBXResourcesBuildPhase;
			buildActionMask = 2147483647;
			files = (
				717F303120E0C0CC00746F6A /* LaunchScreen.storyboard in Resources */,
				717F302E20E0C0CC00746F6A /* Assets.xcassets in Resources */,
				717F302C20E0C0CB00746F6A /* Main.storyboard in Resources */,
			);
			runOnlyForDeploymentPostprocessing = 0;
		};
		717F303720E0C0CC00746F6A /* Resources */ = {
			isa = PBXResourcesBuildPhase;
			buildActionMask = 2147483647;
			files = (
			);
			runOnlyForDeploymentPostprocessing = 0;
		};
		717F304220E0C0CC00746F6A /* Resources */ = {
			isa = PBXResourcesBuildPhase;
			buildActionMask = 2147483647;
			files = (
			);
			runOnlyForDeploymentPostprocessing = 0;
		};
/* End PBXResourcesBuildPhase section */

/* Begin PBXSourcesBuildPhase section */
		717F301D20E0C0CB00746F6A /* Sources */ = {
			isa = PBXSourcesBuildPhase;
			buildActionMask = 2147483647;
			files = (
				717F302920E0C0CB00746F6A /* ViewController.m in Sources */,
				717F305920E0C0EF00746F6A /* CZNCustomShapeView.m in Sources */,
				717F303420E0C0CC00746F6A /* main.m in Sources */,
				717F302620E0C0CB00746F6A /* AppDelegate.m in Sources */,
			);
			runOnlyForDeploymentPostprocessing = 0;
		};
		717F303520E0C0CC00746F6A /* Sources */ = {
			isa = PBXSourcesBuildPhase;
			buildActionMask = 2147483647;
			files = (
				717F303E20E0C0CC00746F6A /* CZNCustomShapeViewDemoTests.m in Sources */,
			);
			runOnlyForDeploymentPostprocessing = 0;
		};
		717F304020E0C0CC00746F6A /* Sources */ = {
			isa = PBXSourcesBuildPhase;
			buildActionMask = 2147483647;
			files = (
				717F304920E0C0CC00746F6A /* CZNCustomShapeViewDemoUITests.m in Sources */,
			);
			runOnlyForDeploymentPostprocessing = 0;
		};
/* End PBXSourcesBuildPhase section */

/* Begin PBXTargetDependency section */
		717F303B20E0C0CC00746F6A /* PBXTargetDependency */ = {
			isa = PBXTargetDependency;
			target = 717F302020E0C0CB00746F6A /* CZNCustomShapeViewDemo */;
			targetProxy = 717F303A20E0C0CC00746F6A /* PBXContainerItemProxy */;
		};
		717F304620E0C0CC00746F6A /* PBXTargetDependency */ = {
			isa = PBXTargetDependency;
			target = 717F302020E0C0CB00746F6A /* CZNCustomShapeViewDemo */;
			targetProxy = 717F304520E0C0CC00746F6A /* PBXContainerItemProxy */;
		};
/* End PBXTargetDependency section */

/* Begin PBXVariantGroup section */
		717F302A20E0C0CB00746F6A /* Main.storyboard */ = {
			isa = PBXVariantGroup;
			children = (
				717F302B20E0C0CB00746F6A /* Base */,
			);
			name = Main.storyboard;
			sourceTree = "<group>";
		};
		717F302F20E0C0CC00746F6A /* LaunchScreen.storyboard */ = {
			isa = PBXVariantGroup;
			children = (
				717F303020E0C0CC00746F6A /* Base */,
			);
			name = LaunchScreen.storyboard;
			sourceTree = "<group>";
		};
/* End PBXVariantGroup section */

/* Begin XCBuildConfiguration section */
		717F304B20E0C0CC00746F6A /* Debug */ = {
			isa = XCBuildConfiguration;
			buildSettings = {
				ALWAYS_SEARCH_USER_PATHS = NO;
				CLANG_ANALYZER_NONNULL = YES;
				CLANG_ANALYZER_NUMBER_OBJECT_CONVERSION = YES_AGGRESSIVE;
				CLANG_CXX_LANGUAGE_STANDARD = "gnu++14";
				CLANG_CXX_LIBRARY = "libc++";
				CLANG_ENABLE_MODULES = YES;
				CLANG_ENABLE_OBJC_ARC = YES;
				CLANG_ENABLE_OBJC_WEAK = YES;
				CLANG_WARN_BLOCK_CAPTURE_AUTORELEASING = YES;
				CLANG_WARN_BOOL_CONVERSION = YES;
				CLANG_WARN_COMMA = YES;
				CLANG_WARN_CONSTANT_CONVERSION = YES;
				CLANG_WARN_DEPRECATED_OBJC_IMPLEMENTATIONS = YES;
				CLANG_WARN_DIRECT_OBJC_ISA_USAGE = YES_ERROR;
				CLANG_WARN_DOCUMENTATION_COMMENTS = YES;
				CLANG_WARN_EMPTY_BODY = YES;
				CLANG_WARN_ENUM_CONVERSION = YES;
				CLANG_WARN_INFINITE_RECURSION = YES;
				CLANG_WARN_INT_CONVERSION = YES;
				CLANG_WARN_NON_LITERAL_NULL_CONVERSION = YES;
				CLANG_WARN_OBJC_IMPLICIT_RETAIN_SELF = YES;
				CLANG_WARN_OBJC_LITERAL_CONVERSION = YES;
				CLANG_WARN_OBJC_ROOT_CLASS = YES_ERROR;
				CLANG_WARN_RANGE_LOOP_ANALYSIS = YES;
				CLANG_WARN_STRICT_PROTOTYPES = YES;
				CLANG_WARN_SUSPICIOUS_MOVE = YES;
				CLANG_WARN_UNGUARDED_AVAILABILITY = YES_AGGRESSIVE;
				CLANG_WARN_UNREACHABLE_CODE = YES;
				CLANG_WARN__DUPLICATE_METHOD_MATCH = YES;
				CODE_SIGN_IDENTITY = "iPhone Developer";
				COPY_PHASE_STRIP = NO;
				DEBUG_INFORMATION_FORMAT = dwarf;
				ENABLE_STRICT_OBJC_MSGSEND = YES;
				ENABLE_TESTABILITY = YES;
				GCC_C_LANGUAGE_STANDARD = gnu11;
				GCC_DYNAMIC_NO_PIC = NO;
				GCC_NO_COMMON_BLOCKS = YES;
				GCC_OPTIMIZATION_LEVEL = 0;
				GCC_PREPROCESSOR_DEFINITIONS = (
					"DEBUG=1",
					"$(inherited)",
				);
				GCC_WARN_64_TO_32_BIT_CONVERSION = YES;
				GCC_WARN_ABOUT_RETURN_TYPE = YES_ERROR;
				GCC_WARN_UNDECLARED_SELECTOR = YES;
				GCC_WARN_UNINITIALIZED_AUTOS = YES_AGGRESSIVE;
				GCC_WARN_UNUSED_FUNCTION = YES;
				GCC_WARN_UNUSED_VARIABLE = YES;
				IPHONEOS_DEPLOYMENT_TARGET = 11.4;
				MTL_ENABLE_DEBUG_INFO = YES;
				ONLY_ACTIVE_ARCH = YES;
				SDKROOT = iphoneos;
			};
			name = Debug;
		};
		717F304C20E0C0CC00746F6A /* Release */ = {
			isa = XCBuildConfiguration;
			buildSettings = {
				ALWAYS_SEARCH_USER_PATHS = NO;
				CLANG_ANALYZER_NONNULL = YES;
				CLANG_ANALYZER_NUMBER_OBJECT_CONVERSION = YES_AGGRESSIVE;
				CLANG_CXX_LANGUAGE_STANDARD = "gnu++14";
				CLANG_CXX_LIBRARY = "libc++";
				CLANG_ENABLE_MODULES = YES;
				CLANG_ENABLE_OBJC_ARC = YES;
				CLANG_ENABLE_OBJC_WEAK = YES;
				CLANG_WARN_BLOCK_CAPTURE_AUTORELEASING = YES;
				CLANG_WARN_BOOL_CONVERSION = YES;
				CLANG_WARN_COMMA = YES;
				CLANG_WARN_CONSTANT_CONVERSION = YES;
				CLANG_WARN_DEPRECATED_OBJC_IMPLEMENTATIONS = YES;
				CLANG_WARN_DIRECT_OBJC_ISA_USAGE = YES_ERROR;
				CLANG_WARN_DOCUMENTATION_COMMENTS = YES;
				CLANG_WARN_EMPTY_BODY = YES;
				CLANG_WARN_ENUM_CONVERSION = YES;
				CLANG_WARN_INFINITE_RECURSION = YES;
				CLANG_WARN_INT_CONVERSION = YES;
				CLANG_WARN_NON_LITERAL_NULL_CONVERSION = YES;
				CLANG_WARN_OBJC_IMPLICIT_RETAIN_SELF = YES;
				CLANG_WARN_OBJC_LITERAL_CONVERSION = YES;
				CLANG_WARN_OBJC_ROOT_CLASS = YES_ERROR;
				CLANG_WARN_RANGE_LOOP_ANALYSIS = YES;
				CLANG_WARN_STRICT_PROTOTYPES = YES;
				CLANG_WARN_SUSPICIOUS_MOVE = YES;
				CLANG_WARN_UNGUARDED_AVAILABILITY = YES_AGGRESSIVE;
				CLANG_WARN_UNREACHABLE_CODE = YES;
				CLANG_WARN__DUPLICATE_METHOD_MATCH = YES;
				CODE_SIGN_IDENTITY = "iPhone Developer";
				COPY_PHASE_STRIP = NO;
				DEBUG_INFORMATION_FORMAT = "dwarf-with-dsym";
				ENABLE_NS_ASSERTIONS = NO;
				ENABLE_STRICT_OBJC_MSGSEND = YES;
				GCC_C_LANGUAGE_STANDARD = gnu11;
				GCC_NO_COMMON_BLOCKS = YES;
				GCC_WARN_64_TO_32_BIT_CONVERSION = YES;
				GCC_WARN_ABOUT_RETURN_TYPE = YES_ERROR;
				GCC_WARN_UNDECLARED_SELECTOR = YES;
				GCC_WARN_UNINITIALIZED_AUTOS = YES_AGGRESSIVE;
				GCC_WARN_UNUSED_FUNCTION = YES;
				GCC_WARN_UNUSED_VARIABLE = YES;
				IPHONEOS_DEPLOYMENT_TARGET = 11.4;
				MTL_ENABLE_DEBUG_INFO = NO;
				SDKROOT = iphoneos;
				VALIDATE_PRODUCT = YES;
			};
			name = Release;
		};
		717F304E20E0C0CC00746F6A /* Debug */ = {
			isa = XCBuildConfiguration;
			buildSettings = {
				ASSETCATALOG_COMPILER_APPICON_NAME = AppIcon;
				CODE_SIGN_STYLE = Automatic;
				INFOPLIST_FILE = CZNCustomShapeViewDemo/Info.plist;
				LD_RUNPATH_SEARCH_PATHS = (
					"$(inherited)",
					"@executable_path/Frameworks",
				);
				PRODUCT_BUNDLE_IDENTIFIER = com.czn.CZNCustomShapeViewDemo;
				PRODUCT_NAME = "$(TARGET_NAME)";
				TARGETED_DEVICE_FAMILY = "1,2";
			};
			name = Debug;
		};
		717F304F20E0C0CC00746F6A /* Release */ = {
			isa = XCBuildConfiguration;
			buildSettings = {
				ASSETCATALOG_COMPILER_APPICON_NAME = AppIcon;
				CODE_SIGN_STYLE = Automatic;
				INFOPLIST_FILE = CZNCustomShapeViewDemo/Info.plist;
				LD_RUNPATH_SEARCH_PATHS = (
					"$(inherited)",
					"@executable_path/Frameworks",
				);
				PRODUCT_BUNDLE_IDENTIFIER = com.czn.CZNCustomShapeViewDemo;
				PRODUCT_NAME = "$(TARGET_NAME)";
				TARGETED_DEVICE_FAMILY = "1,2";
			};
			name = Release;
		};
		717F305120E0C0CC00746F6A /* Debug */ = {
			isa = XCBuildConfiguration;
			buildSettings = {
				BUNDLE_LOADER = "$(TEST_HOST)";
				CODE_SIGN_STYLE = Automatic;
				INFOPLIST_FILE = CZNCustomShapeViewDemoTests/Info.plist;
				LD_RUNPATH_SEARCH_PATHS = (
					"$(inherited)",
					"@executable_path/Frameworks",
					"@loader_path/Frameworks",
				);
				PRODUCT_BUNDLE_IDENTIFIER = com.czn.CZNCustomShapeViewDemoTests;
				PRODUCT_NAME = "$(TARGET_NAME)";
				TARGETED_DEVICE_FAMILY = "1,2";
				TEST_HOST = "$(BUILT_PRODUCTS_DIR)/CZNCustomShapeViewDemo.app/CZNCustomShapeViewDemo";
			};
			name = Debug;
		};
		717F305220E0C0CC00746F6A /* Release */ = {
			isa = XCBuildConfiguration;
			buildSettings = {
				BUNDLE_LOADER = "$(TEST_HOST)";
				CODE_SIGN_STYLE = Automatic;
				INFOPLIST_FILE = CZNCustomShapeViewDemoTests/Info.plist;
				LD_RUNPATH_SEARCH_PATHS = (
					"$(inherited)",
					"@executable_path/Frameworks",
					"@loader_path/Frameworks",
				);
				PRODUCT_BUNDLE_IDENTIFIER = com.czn.CZNCustomShapeViewDemoTests;
				PRODUCT_NAME = "$(TARGET_NAME)";
				TARGETED_DEVICE_FAMILY = "1,2";
				TEST_HOST = "$(BUILT_PRODUCTS_DIR)/CZNCustomShapeViewDemo.app/CZNCustomShapeViewDemo";
			};
			name = Release;
		};
		717F305420E0C0CC00746F6A /* Debug */ = {
			isa = XCBuildConfiguration;
			buildSettings = {
				CODE_SIGN_STYLE = Automatic;
				INFOPLIST_FILE = CZNCustomShapeViewDemoUITests/Info.plist;
				LD_RUNPATH_SEARCH_PATHS = (
					"$(inherited)",
					"@executable_path/Frameworks",
					"@loader_path/Frameworks",
				);
				PRODUCT_BUNDLE_IDENTIFIER = com.czn.CZNCustomShapeViewDemoUITests;
				PRODUCT_NAME = "$(TARGET_NAME)";
				TARGETED_DEVICE_FAMILY = "1,2";
				TEST_TARGET_NAME = CZNCustomShapeViewDemo;
			};
			name = Debug;
		};
		717F305520E0C0CC00746F6A /* Release */ = {
			isa = XCBuildConfiguration;
			buildSettings = {
				CODE_SIGN_STYLE = Automatic;
				INFOPLIST_FILE = CZNCustomShapeViewDemoUITests/Info.plist;
				LD_RUNPATH_SEARCH_PATHS = (
					"$(inherited)",
					"@executable_path/Frameworks",
					"@loader_path/Frameworks",
				);
				PRODUCT_BUNDLE_IDENTIFIER = com.czn.CZNCustomShapeViewDemoUITests;
				PRODUCT_NAME = "$(TARGET_NAME)";
				TARGETED_DEVICE_FAMILY = "1,2";
				TEST_TARGET_NAME = CZNCustomShapeViewDemo;
			};
			name = Release;
		};
/* End XCBuildConfiguration section */

/* Begin XCConfigurationList section */
		717F301C20E0C0CB00746F6A /* Build configuration list for PBXProject "CZNCustomShapeViewDemo" */ = {
			isa = XCConfigurationList;
			buildConfigurations = (
				717F304B20E0C0CC00746F6A /* Debug */,
				717F304C20E0C0CC00746F6A /* Release */,
			);
			defaultConfigurationIsVisible = 0;
			defaultConfigurationName = Release;
		};
		717F304D20E0C0CC00746F6A /* Build configuration list for PBXNativeTarget "CZNCustomShapeViewDemo" */ = {
			isa = XCConfigurationList;
			buildConfigurations = (
				717F304E20E0C0CC00746F6A /* Debug */,
				717F304F20E0C0CC00746F6A /* Release */,
			);
			defaultConfigurationIsVisible = 0;
			defaultConfigurationName = Release;
		};
		717F305020E0C0CC00746F6A /* Build configuration list for PBXNativeTarget "CZNCustomShapeViewDemoTests" */ = {
			isa = XCConfigurationList;
			buildConfigurations = (
				717F305120E0C0CC00746F6A /* Debug */,
				717F305220E0C0CC00746F6A /* Release */,
			);
			defaultConfigurationIsVisible = 0;
			defaultConfigurationName = Release;
		};
		717F305320E0C0CC00746F6A /* Build configuration list for PBXNativeTarget "CZNCustomShapeViewDemoUITests" */ = {
			isa = XCConfigurationList;
			buildConfigurations = (
				717F305420E0C0CC00746F6A /* Debug */,
				717F305520E0C0CC00746F6A /* Release */,
			);
			defaultConfigurationIsVisible = 0;
			defaultConfigurationName = Release;
		};
/* End XCConfigurationList section */
	};
	rootObject = 717F301920E0C0CB00746F6A /* Project object */;
}
